
Microsoft Visual Studio Solution File, Format Version 12.00
# Visual Studio Version 16
VisualStudioVersion = 16.0.30709.132
MinimumVisualStudioVersion = 10.0.40219.1
Project("{9A19103F-16F7-4668-BE54-9A1E7A4F7556}") = "Homework_1", "Homework_1\Homework_1.csproj", "{6CBC01EB-6929-4102-AE1E-877B42095A42}"
EndProject
Project("{FAE04EC0-301F-11D3-BF4B-00C04F79EFBC}") = "Homework_2", "Homework_2\Homework_2.csproj", "{D2D3ED2D-64A8-4BEE-9535-DC178506EA72}"
EndProject
Project("{FAE04EC0-301F-11D3-BF4B-00C04F79EFBC}") = "Homework_3", "Homework_3\Homework_3.csproj", "{6E71570E-5AD0-4241-B252-16A4A01B0E81}"
EndProject
Project("{FAE04EC0-301F-11D3-BF4B-00C04F79EFBC}") = "Homework_4", "Homework_4\Homework_4.csproj", "{1D0DB99A-4B1A-48F0-9768-EF583136D998}"
EndProject
Project("{FAE04EC0-301F-11D3-BF4B-00C04F79EFBC}") = "Homework_5", "Homework_5\Homework_5.csproj", "{2A6ACDAB-8930-40F4-A781-DE0F5A7EB520}"
EndProject
Global
	GlobalSection(SolutionConfigurationPlatforms) = preSolution
		Debug|Any CPU = Debug|Any CPU
		Release|Any CPU = Release|Any CPU
	EndGlobalSection
	GlobalSection(ProjectConfigurationPlatforms) = postSolution
		{6CBC01EB-6929-4102-AE1E-877B42095A42}.Debug|Any CPU.ActiveCfg = Debug|Any CPU
		{6CBC01EB-6929-4102-AE1E-877B42095A42}.Debug|Any CPU.Build.0 = Debug|Any CPU
		{6CBC01EB-6929-4102-AE1E-877B42095A42}.Release|Any CPU.ActiveCfg = Release|Any CPU
		{6CBC01EB-6929-4102-AE1E-877B42095A42}.Release|Any CPU.Build.0 = Release|Any CPU
		{D2D3ED2D-64A8-4BEE-9535-DC178506EA72}.Debug|Any CPU.ActiveCfg = Debug|Any CPU
		{D2D3ED2D-64A8-4BEE-9535-DC178506EA72}.Debug|Any CPU.Build.0 = Debug|Any CPU
		{D2D3ED2D-64A8-4BEE-9535-DC178506EA72}.Release|Any CPU.ActiveCfg = Release|Any CPU
		{D2D3ED2D-64A8-4BEE-9535-DC178506EA72}.Release|Any CPU.Build.0 = Release|Any CPU
		{6E71570E-5AD0-4241-B252-16A4A01B0E81}.Debug|Any CPU.ActiveCfg = Debug|Any CPU
		{6E71570E-5AD0-4241-B252-16A4A01B0E81}.Debug|Any CPU.Build.0 = Debug|Any CPU
		{6E71570E-5AD0-4241-B252-16A4A01B0E81}.Release|Any CPU.ActiveCfg = Release|Any CPU
		{6E71570E-5AD0-4241-B252-16A4A01B0E81}.Release|Any CPU.Build.0 = Release|Any CPU
		{1D0DB99A-4B1A-48F0-9768-EF583136D998}.Debug|Any CPU.ActiveCfg = Debug|Any CPU
		{1D0DB99A-4B1A-48F0-9768-EF583136D998}.Debug|Any CPU.Build.0 = Debug|Any CPU
		{1D0DB99A-4B1A-48F0-9768-EF583136D998}.Release|Any CPU.ActiveCfg = Release|Any CPU
		{1D0DB99A-4B1A-48F0-9768-EF583136D998}.Release|Any CPU.Build.0 = Release|Any CPU
		{2A6ACDAB-8930-40F4-A781-DE0F5A7EB520}.Debug|Any CPU.ActiveCfg = Debug|Any CPU
		{2A6ACDAB-8930-40F4-A781-DE0F5A7EB520}.Debug|Any CPU.Build.0 = Debug|Any CPU
		{2A6ACDAB-8930-40F4-A781-DE0F5A7EB520}.Release|Any CPU.ActiveCfg = Release|Any CPU
		{2A6ACDAB-8930-40F4-A781-DE0F5A7EB520}.Release|Any CPU.Build.0 = Release|Any CPU
	EndGlobalSection
	GlobalSection(SolutionProperties) = preSolution
		HideSolutionNode = FALSE
	EndGlobalSection
	GlobalSection(ExtensibilityGlobals) = postSolution
		SolutionGuid = {957098B6-E4FE-4CBA-997F-F5E5300E0A09}
	EndGlobalSection
EndGlobal
